// !$*UTF8*$!
{
	archiveVersion = 1;
	classes = {
	};
	objectVersion = 50;
	objects = {

/* Begin PBXFileReference section */
		3122DCF226479CEB00A6F876 /* model.py */ = {isa = PBXFileReference; lastKnownFileType = text.script.python; path = model.py; sourceTree = "<group>"; };
		3122DCF326479D0D00A6F876 /* experiment.py */ = {isa = PBXFileReference; lastKnownFileType = text.script.python; path = experiment.py; sourceTree = "<group>"; };
/* End PBXFileReference section */

/* Begin PBXGroup section */
		3122DCF426479D4B00A6F876 /* data */ = {
			isa = PBXGroup;
			children = (
			);
			path = data;
			sourceTree = "<group>";
		};
		3122DCF526479D5400A6F876 /* utils */ = {
			isa = PBXGroup;
			children = (
			);
			path = utils;
			sourceTree = "<group>";
		};
		31A0DFD0264733DC001007B1 = {
			isa = PBXGroup;
			children = (
				3122DCF526479D5400A6F876 /* utils */,
				3122DCF426479D4B00A6F876 /* data */,
				3122DCF326479D0D00A6F876 /* experiment.py */,
				3122DCF226479CEB00A6F876 /* model.py */,
			);
			sourceTree = "<group>";
		};
/* End PBXGroup section */

/* Begin PBXProject section */
		31A0DFD1264733DC001007B1 /* Project object */ = {
			isa = PBXProject;
			attributes = {
				LastUpgradeCheck = 1240;
			};
			buildConfigurationList = 31A0DFD4264733DC001007B1 /* Build configuration list for PBXProject "LAB4" */;
			compatibilityVersion = "Xcode 9.3";
			developmentRegion = en;
			hasScannedForEncodings = 0;
			knownRegions = (
				en,
				Base,
			);
			mainGroup = 31A0DFD0264733DC001007B1;
			projectDirPath = "";
			projectRoot = "";
			targets = (
			);
		};
/* End PBXProject section */

/* Begin XCBuildConfiguration section */
		31A0DFD5264733DC001007B1 /* Debug */ = {
			isa = XCBuildConfiguration;
			buildSettings = {
			};
			name = Debug;
		};
		31A0DFD6264733DC001007B1 /* Release */ = {
			isa = XCBuildConfiguration;
			buildSettings = {
			};
			name = Release;
		};
/* End XCBuildConfiguration section */

/* Begin XCConfigurationList section */
		31A0DFD4264733DC001007B1 /* Build configuration list for PBXProject "LAB4" */ = {
			isa = XCConfigurationList;
			buildConfigurations = (
				31A0DFD5264733DC001007B1 /* Debug */,
				31A0DFD6264733DC001007B1 /* Release */,
			);
			defaultConfigurationIsVisible = 0;
			defaultConfigurationName = Release;
		};
/* End XCConfigurationList section */
	};
	rootObject = 31A0DFD1264733DC001007B1 /* Project object */;
}
